
Microsoft Visual Studio Solution File, Format Version 12.00
# Visual Studio Version 17
VisualStudioVersion = 17.8.34316.72
MinimumVisualStudioVersion = 10.0.40219.1
Project("{9A19103F-16F7-4668-BE54-9A1E7A4F7556}") = "assytraining.api", "assytraining.api\assytraining.api.csproj", "{20841F4A-3B6B-4FD7-A4E9-63F95E1D1D18}"
	ProjectSection(ProjectDependencies) = postProject
		{295EB051-98E3-4F5E-8A17-76E00EC64FD6} = {295EB051-98E3-4F5E-8A17-76E00EC64FD6}
	EndProjectSection
EndProject
Project("{9A19103F-16F7-4668-BE54-9A1E7A4F7556}") = "assytraining.application", "assytraining.application\assytraining.application.csproj", "{295EB051-98E3-4F5E-8A17-76E00EC64FD6}"
EndProject
Project("{9A19103F-16F7-4668-BE54-9A1E7A4F7556}") = "assytraining.infrastructure", "assytraining.infrastructure\assytraining.infrastructure.csproj", "{F2828528-22C7-436B-A762-1EB78624E444}"
EndProject
Project("{2150E333-8FDC-42A3-9474-1A3956D46DE8}") = "Solution Items", "Solution Items", "{AEF64862-7B18-4CE6-BAA7-EFD07DA93A61}"
	ProjectSection(SolutionItems) = preProject
		..\registro.json = ..\registro.json
	EndProjectSection
EndProject
Global
	GlobalSection(SolutionConfigurationPlatforms) = preSolution
		Debug|Any CPU = Debug|Any CPU
		Release|Any CPU = Release|Any CPU
	EndGlobalSection
	GlobalSection(ProjectConfigurationPlatforms) = postSolution
		{20841F4A-3B6B-4FD7-A4E9-63F95E1D1D18}.Debug|Any CPU.ActiveCfg = Debug|Any CPU
		{20841F4A-3B6B-4FD7-A4E9-63F95E1D1D18}.Debug|Any CPU.Build.0 = Debug|Any CPU
		{20841F4A-3B6B-4FD7-A4E9-63F95E1D1D18}.Release|Any CPU.ActiveCfg = Release|Any CPU
		{20841F4A-3B6B-4FD7-A4E9-63F95E1D1D18}.Release|Any CPU.Build.0 = Release|Any CPU
		{295EB051-98E3-4F5E-8A17-76E00EC64FD6}.Debug|Any CPU.ActiveCfg = Debug|Any CPU
		{295EB051-98E3-4F5E-8A17-76E00EC64FD6}.Debug|Any CPU.Build.0 = Debug|Any CPU
		{295EB051-98E3-4F5E-8A17-76E00EC64FD6}.Release|Any CPU.ActiveCfg = Release|Any CPU
		{295EB051-98E3-4F5E-8A17-76E00EC64FD6}.Release|Any CPU.Build.0 = Release|Any CPU
		{F2828528-22C7-436B-A762-1EB78624E444}.Debug|Any CPU.ActiveCfg = Debug|Any CPU
		{F2828528-22C7-436B-A762-1EB78624E444}.Debug|Any CPU.Build.0 = Debug|Any CPU
		{F2828528-22C7-436B-A762-1EB78624E444}.Release|Any CPU.ActiveCfg = Release|Any CPU
		{F2828528-22C7-436B-A762-1EB78624E444}.Release|Any CPU.Build.0 = Release|Any CPU
	EndGlobalSection
	GlobalSection(SolutionProperties) = preSolution
		HideSolutionNode = FALSE
	EndGlobalSection
	GlobalSection(ExtensibilityGlobals) = postSolution
		SolutionGuid = {02F683F9-3166-4F56-801F-DA3DB0D64055}
	EndGlobalSection
EndGlobal
